
Microsoft Visual Studio Solution File, Format Version 12.00
# Visual Studio Version 17
VisualStudioVersion = 17.2.32630.192
MinimumVisualStudioVersion = 10.0.40219.1
Project("{9A19103F-16F7-4668-BE54-9A1E7A4F7556}") = "OrientadaObjetoEx1", "OrientadaObjetoEx1.csproj", "{C20D528E-FAAD-49D3-9AFE-328B3FD387E5}"
EndProject
Project("{9A19103F-16F7-4668-BE54-9A1E7A4F7556}") = "OrientadaObjetoEx2", "..\OrientadaObjetoEx2\OrientadaObjetoEx2.csproj", "{7D8E3D62-760F-4C1F-95CF-1ACF28E1576D}"
EndProject
Project("{9A19103F-16F7-4668-BE54-9A1E7A4F7556}") = "OrientadaObjetoEx3", "..\OrientadaObjetoEx3\OrientadaObjetoEx3.csproj", "{90F6B0F8-78B3-4FAE-834F-9F136543AF4F}"
EndProject
Project("{9A19103F-16F7-4668-BE54-9A1E7A4F7556}") = "OrientadaObjetoEx4", "..\OrientadaObjetoEx4\OrientadaObjetoEx4.csproj", "{E32B857A-B0ED-42F6-A9E3-5DDD341DE691}"
EndProject
Project("{9A19103F-16F7-4668-BE54-9A1E7A4F7556}") = "OrientadaObjetoEx5", "..\OrientadaObjetoEx5\OrientadaObjetoEx5.csproj", "{868D79CC-9144-4B07-A9EA-F250D7273A20}"
EndProject
Project("{FAE04EC0-301F-11D3-BF4B-00C04F79EFBC}") = "OrientadaObjetoEx5Desktop", "..\OrientadaObjetoEx5Desktop\OrientadaObjetoEx5Desktop.csproj", "{900BB4C9-5F4A-4C2F-BBF9-EBB9FB12839C}"
EndProject
Project("{9A19103F-16F7-4668-BE54-9A1E7A4F7556}") = "OrientadaObjetoEx6", "..\OrientadaObjetoEx6\OrientadaObjetoEx6.csproj", "{5859609E-3D58-4984-B775-CC2774F7D4D0}"
EndProject
Project("{FAE04EC0-301F-11D3-BF4B-00C04F79EFBC}") = "OrientadaObjetoEx3Desktop", "..\OrientadaObjetoEx3Desktop\OrientadaObjetoEx3Desktop.csproj", "{C89AFF29-3F81-4E00-8A27-2434F09C4EDF}"
EndProject
Project("{FAE04EC0-301F-11D3-BF4B-00C04F79EFBC}") = "OrientadaObjetoEx4Desktop", "..\OrientadaObjetoEx2Desktop\OrientadaObjetoEx4Desktop.csproj", "{1235EB60-1810-4F97-A855-6C6DC5680B54}"
EndProject
Project("{FAE04EC0-301F-11D3-BF4B-00C04F79EFBC}") = "OrientadaObjetoEx6Desktop", "..\OrientadaObjetoEx6Desktop\OrientadaObjetoEx6Desktop.csproj", "{FA5450AF-29C6-4D3F-9F3E-3CAB5F2F0129}"
EndProject
Project("{FAE04EC0-301F-11D3-BF4B-00C04F79EFBC}") = "OrientadaObjetoDesktopEx15Carros", "..\OrientadaObjetoDesktopEx15Carros\OrientadaObjetoDesktopEx15Carros.csproj", "{788E458E-CEA2-4762-9C6D-DD0A1D26E3A4}"
EndProject
Project("{FAE04EC0-301F-11D3-BF4B-00C04F79EFBC}") = "OrientadaObjetoEx5Agenda", "..\OrientadaObjetoEx5Agenda\OrientadaObjetoEx5Agenda.csproj", "{C233A012-7030-47A6-A81F-086AE3883C1B}"
EndProject
Project("{FAE04EC0-301F-11D3-BF4B-00C04F79EFBC}") = "OrientadaObjetoEx14Retângulo", "..\OrientadaObjetoEx14Retângulo\OrientadaObjetoEx14Retângulo.csproj", "{D7FBA378-567C-41D1-9E1A-42E87E2B0327}"
EndProject
Project("{FAE04EC0-301F-11D3-BF4B-00C04F79EFBC}") = "OrientadaObjetoEx9Eletronico", "..\OrientadaObjetoEx9Eletronico\OrientadaObjetoEx9Eletronico.csproj", "{6DF955B4-55D2-4FCF-99A2-ABE584E4DC8A}"
EndProject
Global
	GlobalSection(SolutionConfigurationPlatforms) = preSolution
		Debug|Any CPU = Debug|Any CPU
		Release|Any CPU = Release|Any CPU
	EndGlobalSection
	GlobalSection(ProjectConfigurationPlatforms) = postSolution
		{C20D528E-FAAD-49D3-9AFE-328B3FD387E5}.Debug|Any CPU.ActiveCfg = Debug|Any CPU
		{C20D528E-FAAD-49D3-9AFE-328B3FD387E5}.Debug|Any CPU.Build.0 = Debug|Any CPU
		{C20D528E-FAAD-49D3-9AFE-328B3FD387E5}.Release|Any CPU.ActiveCfg = Release|Any CPU
		{C20D528E-FAAD-49D3-9AFE-328B3FD387E5}.Release|Any CPU.Build.0 = Release|Any CPU
		{7D8E3D62-760F-4C1F-95CF-1ACF28E1576D}.Debug|Any CPU.ActiveCfg = Debug|Any CPU
		{7D8E3D62-760F-4C1F-95CF-1ACF28E1576D}.Debug|Any CPU.Build.0 = Debug|Any CPU
		{7D8E3D62-760F-4C1F-95CF-1ACF28E1576D}.Release|Any CPU.ActiveCfg = Release|Any CPU
		{7D8E3D62-760F-4C1F-95CF-1ACF28E1576D}.Release|Any CPU.Build.0 = Release|Any CPU
		{90F6B0F8-78B3-4FAE-834F-9F136543AF4F}.Debug|Any CPU.ActiveCfg = Debug|Any CPU
		{90F6B0F8-78B3-4FAE-834F-9F136543AF4F}.Debug|Any CPU.Build.0 = Debug|Any CPU
		{90F6B0F8-78B3-4FAE-834F-9F136543AF4F}.Release|Any CPU.ActiveCfg = Release|Any CPU
		{90F6B0F8-78B3-4FAE-834F-9F136543AF4F}.Release|Any CPU.Build.0 = Release|Any CPU
		{E32B857A-B0ED-42F6-A9E3-5DDD341DE691}.Debug|Any CPU.ActiveCfg = Debug|Any CPU
		{E32B857A-B0ED-42F6-A9E3-5DDD341DE691}.Debug|Any CPU.Build.0 = Debug|Any CPU
		{E32B857A-B0ED-42F6-A9E3-5DDD341DE691}.Release|Any CPU.ActiveCfg = Release|Any CPU
		{E32B857A-B0ED-42F6-A9E3-5DDD341DE691}.Release|Any CPU.Build.0 = Release|Any CPU
		{868D79CC-9144-4B07-A9EA-F250D7273A20}.Debug|Any CPU.ActiveCfg = Debug|Any CPU
		{868D79CC-9144-4B07-A9EA-F250D7273A20}.Debug|Any CPU.Build.0 = Debug|Any CPU
		{868D79CC-9144-4B07-A9EA-F250D7273A20}.Release|Any CPU.ActiveCfg = Release|Any CPU
		{868D79CC-9144-4B07-A9EA-F250D7273A20}.Release|Any CPU.Build.0 = Release|Any CPU
		{900BB4C9-5F4A-4C2F-BBF9-EBB9FB12839C}.Debug|Any CPU.ActiveCfg = Debug|Any CPU
		{900BB4C9-5F4A-4C2F-BBF9-EBB9FB12839C}.Debug|Any CPU.Build.0 = Debug|Any CPU
		{900BB4C9-5F4A-4C2F-BBF9-EBB9FB12839C}.Release|Any CPU.ActiveCfg = Release|Any CPU
		{900BB4C9-5F4A-4C2F-BBF9-EBB9FB12839C}.Release|Any CPU.Build.0 = Release|Any CPU
		{5859609E-3D58-4984-B775-CC2774F7D4D0}.Debug|Any CPU.ActiveCfg = Debug|Any CPU
		{5859609E-3D58-4984-B775-CC2774F7D4D0}.Debug|Any CPU.Build.0 = Debug|Any CPU
		{5859609E-3D58-4984-B775-CC2774F7D4D0}.Release|Any CPU.ActiveCfg = Release|Any CPU
		{5859609E-3D58-4984-B775-CC2774F7D4D0}.Release|Any CPU.Build.0 = Release|Any CPU
		{C89AFF29-3F81-4E00-8A27-2434F09C4EDF}.Debug|Any CPU.ActiveCfg = Debug|Any CPU
		{C89AFF29-3F81-4E00-8A27-2434F09C4EDF}.Debug|Any CPU.Build.0 = Debug|Any CPU
		{C89AFF29-3F81-4E00-8A27-2434F09C4EDF}.Release|Any CPU.ActiveCfg = Release|Any CPU
		{C89AFF29-3F81-4E00-8A27-2434F09C4EDF}.Release|Any CPU.Build.0 = Release|Any CPU
		{1235EB60-1810-4F97-A855-6C6DC5680B54}.Debug|Any CPU.ActiveCfg = Debug|Any CPU
		{1235EB60-1810-4F97-A855-6C6DC5680B54}.Debug|Any CPU.Build.0 = Debug|Any CPU
		{1235EB60-1810-4F97-A855-6C6DC5680B54}.Release|Any CPU.ActiveCfg = Release|Any CPU
		{1235EB60-1810-4F97-A855-6C6DC5680B54}.Release|Any CPU.Build.0 = Release|Any CPU
		{FA5450AF-29C6-4D3F-9F3E-3CAB5F2F0129}.Debug|Any CPU.ActiveCfg = Debug|Any CPU
		{FA5450AF-29C6-4D3F-9F3E-3CAB5F2F0129}.Debug|Any CPU.Build.0 = Debug|Any CPU
		{FA5450AF-29C6-4D3F-9F3E-3CAB5F2F0129}.Release|Any CPU.ActiveCfg = Release|Any CPU
		{FA5450AF-29C6-4D3F-9F3E-3CAB5F2F0129}.Release|Any CPU.Build.0 = Release|Any CPU
		{788E458E-CEA2-4762-9C6D-DD0A1D26E3A4}.Debug|Any CPU.ActiveCfg = Debug|Any CPU
		{788E458E-CEA2-4762-9C6D-DD0A1D26E3A4}.Debug|Any CPU.Build.0 = Debug|Any CPU
		{788E458E-CEA2-4762-9C6D-DD0A1D26E3A4}.Release|Any CPU.ActiveCfg = Release|Any CPU
		{788E458E-CEA2-4762-9C6D-DD0A1D26E3A4}.Release|Any CPU.Build.0 = Release|Any CPU
		{C233A012-7030-47A6-A81F-086AE3883C1B}.Debug|Any CPU.ActiveCfg = Debug|Any CPU
		{C233A012-7030-47A6-A81F-086AE3883C1B}.Debug|Any CPU.Build.0 = Debug|Any CPU
		{C233A012-7030-47A6-A81F-086AE3883C1B}.Release|Any CPU.ActiveCfg = Release|Any CPU
		{C233A012-7030-47A6-A81F-086AE3883C1B}.Release|Any CPU.Build.0 = Release|Any CPU
		{D7FBA378-567C-41D1-9E1A-42E87E2B0327}.Debug|Any CPU.ActiveCfg = Debug|Any CPU
		{D7FBA378-567C-41D1-9E1A-42E87E2B0327}.Debug|Any CPU.Build.0 = Debug|Any CPU
		{D7FBA378-567C-41D1-9E1A-42E87E2B0327}.Release|Any CPU.ActiveCfg = Release|Any CPU
		{D7FBA378-567C-41D1-9E1A-42E87E2B0327}.Release|Any CPU.Build.0 = Release|Any CPU
		{6DF955B4-55D2-4FCF-99A2-ABE584E4DC8A}.Debug|Any CPU.ActiveCfg = Debug|Any CPU
		{6DF955B4-55D2-4FCF-99A2-ABE584E4DC8A}.Debug|Any CPU.Build.0 = Debug|Any CPU
		{6DF955B4-55D2-4FCF-99A2-ABE584E4DC8A}.Release|Any CPU.ActiveCfg = Release|Any CPU
		{6DF955B4-55D2-4FCF-99A2-ABE584E4DC8A}.Release|Any CPU.Build.0 = Release|Any CPU
	EndGlobalSection
	GlobalSection(SolutionProperties) = preSolution
		HideSolutionNode = FALSE
	EndGlobalSection
	GlobalSection(ExtensibilityGlobals) = postSolution
		SolutionGuid = {298A047D-AAC5-472C-A56E-787DA2297A33}
	EndGlobalSection
EndGlobal
