
Microsoft Visual Studio Solution File, Format Version 12.00
# Visual Studio Version 17
VisualStudioVersion = 17.2.32630.192
MinimumVisualStudioVersion = 10.0.40219.1
Project("{FAE04EC0-301F-11D3-BF4B-00C04F79EFBC}") = "FormCosme", "FormCosme.csproj", "{EBEC9442-FA49-45C7-8A3B-F4734C266314}"
EndProject
Global
	GlobalSection(SolutionConfigurationPlatforms) = preSolution
		Debug|Any CPU = Debug|Any CPU
		Release|Any CPU = Release|Any CPU
	EndGlobalSection
	GlobalSection(ProjectConfigurationPlatforms) = postSolution
		{EBEC9442-FA49-45C7-8A3B-F4734C266314}.Debug|Any CPU.ActiveCfg = Debug|Any CPU
		{EBEC9442-FA49-45C7-8A3B-F4734C266314}.Debug|Any CPU.Build.0 = Debug|Any CPU
		{EBEC9442-FA49-45C7-8A3B-F4734C266314}.Release|Any CPU.ActiveCfg = Release|Any CPU
		{EBEC9442-FA49-45C7-8A3B-F4734C266314}.Release|Any CPU.Build.0 = Release|Any CPU
	EndGlobalSection
	GlobalSection(SolutionProperties) = preSolution
		HideSolutionNode = FALSE
	EndGlobalSection
	GlobalSection(ExtensibilityGlobals) = postSolution
		SolutionGuid = {32E7F84B-8D19-4B4A-8B56-DCE2C4180E69}
	EndGlobalSection
EndGlobal
