
Microsoft Visual Studio Solution File, Format Version 12.00
# Visual Studio Version 17
VisualStudioVersion = 17.2.32630.192
MinimumVisualStudioVersion = 10.0.40219.1
Project("{FAE04EC0-301F-11D3-BF4B-00C04F79EFBC}") = "DataDesktop2", "DataDesktop2.csproj", "{06EA6EA3-9824-4194-914C-521EAA076961}"
EndProject
Global
	GlobalSection(SolutionConfigurationPlatforms) = preSolution
		Debug|Any CPU = Debug|Any CPU
		Release|Any CPU = Release|Any CPU
	EndGlobalSection
	GlobalSection(ProjectConfigurationPlatforms) = postSolution
		{06EA6EA3-9824-4194-914C-521EAA076961}.Debug|Any CPU.ActiveCfg = Debug|Any CPU
		{06EA6EA3-9824-4194-914C-521EAA076961}.Debug|Any CPU.Build.0 = Debug|Any CPU
		{06EA6EA3-9824-4194-914C-521EAA076961}.Release|Any CPU.ActiveCfg = Release|Any CPU
		{06EA6EA3-9824-4194-914C-521EAA076961}.Release|Any CPU.Build.0 = Release|Any CPU
	EndGlobalSection
	GlobalSection(SolutionProperties) = preSolution
		HideSolutionNode = FALSE
	EndGlobalSection
	GlobalSection(ExtensibilityGlobals) = postSolution
		SolutionGuid = {4F0A26A8-0785-4103-A787-6811C62CFDCF}
	EndGlobalSection
EndGlobal
